{
  "name": "iptv-checker",
  "version": "0.10.3",
  "lockfileVersion": 1,
  "requires": true,
  "dependencies": {
    "@babel/runtime-corejs2": {
      "version": "7.6.2",
      "resolved": "https://registry.npmjs.org/@babel/runtime-corejs2/-/runtime-corejs2-7.6.2.tgz",
      "integrity": "sha512-wdyVKnTv9Be4YlwF/7pByYNfcl23qC21aAQ0aIaZOo2ZOvhFEyJdBLJClYZ9i+Pmrz7sUQgg/MwbJa2RZTkygg==",
      "requires": {
        "core-js": "^2.6.5",
        "regenerator-runtime": "^0.13.2"
      }
    },
    "axios": {
      "version": "0.19.0",
      "resolved": "https://registry.npmjs.org/axios/-/axios-0.19.0.tgz",
      "integrity": "sha512-1uvKqKQta3KBxIz14F2v06AEHZ/dIoeKfbTRkK1E5oqjDnuEerLmYTgJB5AiQZHJcljpg1TuRzdjDR06qNk0DQ==",
      "requires": {
        "follow-redirects": "1.5.10",
        "is-buffer": "^2.0.2"
      }
    },
    "commander": {
      "version": "2.20.0",
      "resolved": "https://registry.npmjs.org/commander/-/commander-2.20.0.tgz",
      "integrity": "sha512-7j2y+40w61zy6YC2iRNpUe/NwhNyoXrYpHMrSunaMG64nRnaf96zO/KMQR4OyN/UnE5KLyEBnKHd4aG3rskjpQ=="
    },
    "core-js": {
      "version": "2.6.9",
      "resolved": "https://registry.npmjs.org/core-js/-/core-js-2.6.9.tgz",
      "integrity": "sha512-HOpZf6eXmnl7la+cUdMnLvUxKNqLUzJvgIziQ0DiF3JwSImNphIqdGqzj6hIKyX04MmV0poclQ7+wjWvxQyR2A=="
    },
    "dateformat": {
      "version": "3.0.3",
      "resolved": "https://registry.npmjs.org/dateformat/-/dateformat-3.0.3.tgz",
      "integrity": "sha512-jyCETtSl3VMZMWeRo7iY1FL19ges1t55hMo5yaam4Jrsm5EPL89UQkoQRyiI+Yf4k8r2ZpdngkV8hr1lIdjb3Q=="
    },
    "debug": {
      "version": "3.1.0",
      "resolved": "https://registry.npmjs.org/debug/-/debug-3.1.0.tgz",
      "integrity": "sha512-OX8XqP7/1a9cqkxYw2yXss15f26NKWBpDXQd0/uK/KPqdQhxbPa994hnzjcE2VqQpDslf55723cKPUOGSmMY3g==",
      "requires": {
        "ms": "2.0.0"
      }
    },
    "decamelize": {
      "version": "3.2.0",
      "resolved": "https://registry.npmjs.org/decamelize/-/decamelize-3.2.0.tgz",
      "integrity": "sha512-4TgkVUsmmu7oCSyGBm5FvfMoACuoh9EOidm7V5/J2X2djAwwt57qb3F2KMP2ITqODTCSwb+YRV+0Zqrv18k/hw==",
      "requires": {
        "xregexp": "^4.2.4"
      }
    },
    "follow-redirects": {
      "version": "1.5.10",
      "resolved": "https://registry.npmjs.org/follow-redirects/-/follow-redirects-1.5.10.tgz",
      "integrity": "sha512-0V5l4Cizzvqt5D44aTXbFZz+FtyXV1vrDN6qrelxtfYQKW0KO0W2T/hkE8xvGa/540LkZlkaUjO4ailYTFtHVQ==",
      "requires": {
        "debug": "=3.1.0"
      }
    },
    "iptv-playlist-parser": {
      "version": "0.2.2",
      "resolved": "https://registry.npmjs.org/iptv-playlist-parser/-/iptv-playlist-parser-0.2.2.tgz",
      "integrity": "sha512-F0BoyFJNv2NxhAGU/lJnQJ5J6eDktmJdoOi06C4SEuBHv3y61eLNjcbFi/kE9TlAo8Lry4t4U0Io+MOQX3mXHw==",
      "requires": {
        "decamelize": "^3.2.0",
        "m3u8-file-parser": "^0.2.2"
      }
    },
    "is-buffer": {
      "version": "2.0.4",
      "resolved": "https://registry.npmjs.org/is-buffer/-/is-buffer-2.0.4.tgz",
      "integrity": "sha512-Kq1rokWXOPXWuaMAqZiJW4XxsmD9zGx9q4aePabbn3qCRGedtH7Cm+zV8WETitMfu1wdh+Rvd6w5egwSngUX2A=="
    },
    "m3u8-file-parser": {
      "version": "0.2.2",
      "resolved": "https://registry.npmjs.org/m3u8-file-parser/-/m3u8-file-parser-0.2.2.tgz",
      "integrity": "sha512-OW2m2wcVh4g55MKpe5jxp4AOkpUVQEuaXEF8YTnIP1eAPmLtmuzfk+QcHqA+raqK3zdkz/nHjNvoCKn0k6UgzA=="
    },
    "m3u8stream": {
      "version": "0.6.2",
      "resolved": "https://registry.npmjs.org/m3u8stream/-/m3u8stream-0.6.2.tgz",
      "integrity": "sha512-WsuM2bd5pPN80xvfrB+1DZqr4M7+kJl8byi6+ZCy6cmVjEiHhmr/desN53Ngsa6Hs13kYumeVgT4wL0oIJ+v6g==",
      "requires": {
        "miniget": "^1.4.0",
        "sax": "^1.2.4"
      }
    },
    "miniget": {
      "version": "1.6.1",
      "resolved": "https://registry.npmjs.org/miniget/-/miniget-1.6.1.tgz",
      "integrity": "sha512-I5oBwZmcaOuJrjQn7lpS29HM+aAZDbzKbX5ouxVyhFYdg6fA6YKOTwOCgzZQwlHuMek3FlCxz6eNrd4pOXbwOA=="
    },
    "ms": {
      "version": "2.0.0",
      "resolved": "https://registry.npmjs.org/ms/-/ms-2.0.0.tgz",
      "integrity": "sha1-VgiurfwAvmwpAd9fmGF4jeDVl8g="
    },
    "progress": {
      "version": "2.0.3",
      "resolved": "https://registry.npmjs.org/progress/-/progress-2.0.3.tgz",
      "integrity": "sha512-7PiHtLll5LdnKIMw100I+8xJXR5gW2QwWYkT6iJva0bXitZKa/XMrSbdmg3r2Xnaidz9Qumd0VPaMrZlF9V9sA=="
    },
    "regenerator-runtime": {
      "version": "0.13.3",
      "resolved": "https://registry.npmjs.org/regenerator-runtime/-/regenerator-runtime-0.13.3.tgz",
      "integrity": "sha512-naKIZz2GQ8JWh///G7L3X6LaQUAMp2lvb1rvwwsURe/VXwD6VMfr+/1NuNw3ag8v2kY1aQ/go5SNn79O9JU7yw=="
    },
    "sax": {
      "version": "1.2.4",
      "resolved": "https://registry.npmjs.org/sax/-/sax-1.2.4.tgz",
      "integrity": "sha512-NqVDv9TpANUjFm0N8uM5GxL36UgKi9/atZw+x7YFnQ8ckwFGKrl4xX4yWtrey3UJm5nP1kUbnYgLopqWNSRhWw=="
    },
    "xregexp": {
      "version": "4.2.4",
      "resolved": "https://registry.npmjs.org/xregexp/-/xregexp-4.2.4.tgz",
      "integrity": "sha512-sO0bYdYeJAJBcJA8g7MJJX7UrOZIfJPd8U2SC7B2Dd/J24U0aQNoGp33shCaBSWeb0rD5rh6VBUIXOkGal1TZA==",
      "requires": {
        "@babel/runtime-corejs2": "^7.2.0"
      }
    }
  }
}
